
Microsoft Visual Studio Solution File, Format Version 12.00
# Visual Studio Version 17
VisualStudioVersion = 17.11.35327.3
MinimumVisualStudioVersion = 10.0.40219.1
Project("{2150E333-8FDC-42A3-9474-1A3956D46DE8}") = "Services", "Services", "{4EBAB697-D815-43FA-AA04-DDC85D132C94}"
EndProject
Project("{2150E333-8FDC-42A3-9474-1A3956D46DE8}") = "Catalog", "Catalog", "{823034AB-87EB-4F3E-BDDA-58BA0A59F45B}"
EndProject
Project("{9A19103F-16F7-4668-BE54-9A1E7A4F7556}") = "Catalog.API", "Services\Catalog\Catalog.API\Catalog.API.csproj", "{265E8029-439E-4DEA-B7BD-2F95BB2F3DB3}"
EndProject
Project("{2150E333-8FDC-42A3-9474-1A3956D46DE8}") = "BuildingBlocks", "BuildingBlocks", "{21DF522E-499D-46F5-80EF-C514FEB71F57}"
EndProject
Project("{9A19103F-16F7-4668-BE54-9A1E7A4F7556}") = "BuildingBlocks", "BuildingBlocks\BuildingBlocks\BuildingBlocks.csproj", "{5D626682-A568-496C-9016-1373A10C5B9A}"
EndProject
Project("{E53339B2-1760-4266-BCC7-CA923CBCF16C}") = "docker-compose", "docker-compose.dcproj", "{5B2425B6-D634-45E1-9922-0C0585AD69F9}"
EndProject
Project("{2150E333-8FDC-42A3-9474-1A3956D46DE8}") = "Basket", "Basket", "{5E8F6FEC-CF18-4399-A77F-8A35AFF0FA67}"
EndProject
Project("{9A19103F-16F7-4668-BE54-9A1E7A4F7556}") = "Basket.API", "Services\Basket\Basket.API\Basket.API.csproj", "{3095088A-35AC-45EF-94A2-3854176B5C5C}"
EndProject
Project("{2150E333-8FDC-42A3-9474-1A3956D46DE8}") = "Discount", "Discount", "{7A2D87A3-A512-449B-8D55-5436C531B70F}"
EndProject
Project("{FAE04EC0-301F-11D3-BF4B-00C04F79EFBC}") = "Discount.Grpc", "Services\Discount\Discount.Grpc\Discount.Grpc.csproj", "{3F9BBE92-91B5-43A0-997F-FD8020B6A048}"
EndProject
Global
	GlobalSection(SolutionConfigurationPlatforms) = preSolution
		Debug|Any CPU = Debug|Any CPU
		Release|Any CPU = Release|Any CPU
	EndGlobalSection
	GlobalSection(ProjectConfigurationPlatforms) = postSolution
		{265E8029-439E-4DEA-B7BD-2F95BB2F3DB3}.Debug|Any CPU.ActiveCfg = Debug|Any CPU
		{265E8029-439E-4DEA-B7BD-2F95BB2F3DB3}.Debug|Any CPU.Build.0 = Debug|Any CPU
		{265E8029-439E-4DEA-B7BD-2F95BB2F3DB3}.Release|Any CPU.ActiveCfg = Release|Any CPU
		{265E8029-439E-4DEA-B7BD-2F95BB2F3DB3}.Release|Any CPU.Build.0 = Release|Any CPU
		{5D626682-A568-496C-9016-1373A10C5B9A}.Debug|Any CPU.ActiveCfg = Debug|Any CPU
		{5D626682-A568-496C-9016-1373A10C5B9A}.Debug|Any CPU.Build.0 = Debug|Any CPU
		{5D626682-A568-496C-9016-1373A10C5B9A}.Release|Any CPU.ActiveCfg = Release|Any CPU
		{5D626682-A568-496C-9016-1373A10C5B9A}.Release|Any CPU.Build.0 = Release|Any CPU
		{5B2425B6-D634-45E1-9922-0C0585AD69F9}.Debug|Any CPU.ActiveCfg = Debug|Any CPU
		{5B2425B6-D634-45E1-9922-0C0585AD69F9}.Debug|Any CPU.Build.0 = Debug|Any CPU
		{5B2425B6-D634-45E1-9922-0C0585AD69F9}.Release|Any CPU.ActiveCfg = Release|Any CPU
		{5B2425B6-D634-45E1-9922-0C0585AD69F9}.Release|Any CPU.Build.0 = Release|Any CPU
		{3095088A-35AC-45EF-94A2-3854176B5C5C}.Debug|Any CPU.ActiveCfg = Debug|Any CPU
		{3095088A-35AC-45EF-94A2-3854176B5C5C}.Debug|Any CPU.Build.0 = Debug|Any CPU
		{3095088A-35AC-45EF-94A2-3854176B5C5C}.Release|Any CPU.ActiveCfg = Release|Any CPU
		{3095088A-35AC-45EF-94A2-3854176B5C5C}.Release|Any CPU.Build.0 = Release|Any CPU
		{3F9BBE92-91B5-43A0-997F-FD8020B6A048}.Debug|Any CPU.ActiveCfg = Debug|Any CPU
		{3F9BBE92-91B5-43A0-997F-FD8020B6A048}.Debug|Any CPU.Build.0 = Debug|Any CPU
		{3F9BBE92-91B5-43A0-997F-FD8020B6A048}.Release|Any CPU.ActiveCfg = Release|Any CPU
		{3F9BBE92-91B5-43A0-997F-FD8020B6A048}.Release|Any CPU.Build.0 = Release|Any CPU
	EndGlobalSection
	GlobalSection(SolutionProperties) = preSolution
		HideSolutionNode = FALSE
	EndGlobalSection
	GlobalSection(NestedProjects) = preSolution
		{823034AB-87EB-4F3E-BDDA-58BA0A59F45B} = {4EBAB697-D815-43FA-AA04-DDC85D132C94}
		{265E8029-439E-4DEA-B7BD-2F95BB2F3DB3} = {823034AB-87EB-4F3E-BDDA-58BA0A59F45B}
		{5D626682-A568-496C-9016-1373A10C5B9A} = {21DF522E-499D-46F5-80EF-C514FEB71F57}
		{5E8F6FEC-CF18-4399-A77F-8A35AFF0FA67} = {4EBAB697-D815-43FA-AA04-DDC85D132C94}
		{3095088A-35AC-45EF-94A2-3854176B5C5C} = {5E8F6FEC-CF18-4399-A77F-8A35AFF0FA67}
		{7A2D87A3-A512-449B-8D55-5436C531B70F} = {4EBAB697-D815-43FA-AA04-DDC85D132C94}
		{3F9BBE92-91B5-43A0-997F-FD8020B6A048} = {7A2D87A3-A512-449B-8D55-5436C531B70F}
	EndGlobalSection
	GlobalSection(ExtensibilityGlobals) = postSolution
		SolutionGuid = {B0340245-512F-41C7-8C79-4B5F2D73B54E}
	EndGlobalSection
EndGlobal
